
Microsoft Visual Studio Solution File, Format Version 12.00
# Visual Studio Version 17
VisualStudioVersion = 17.8.34322.80
MinimumVisualStudioVersion = 10.0.40219.1
Project("{FAE04EC0-301F-11D3-BF4B-00C04F79EFBC}") = "DBFirstEg", "DBFirstEg.csproj", "{2DCA1063-DC27-4E62-9645-4FDAD94AFFD8}"
EndProject
Global
	GlobalSection(SolutionConfigurationPlatforms) = preSolution
		Debug|Any CPU = Debug|Any CPU
		Release|Any CPU = Release|Any CPU
	EndGlobalSection
	GlobalSection(ProjectConfigurationPlatforms) = postSolution
		{2DCA1063-DC27-4E62-9645-4FDAD94AFFD8}.Debug|Any CPU.ActiveCfg = Debug|Any CPU
		{2DCA1063-DC27-4E62-9645-4FDAD94AFFD8}.Debug|Any CPU.Build.0 = Debug|Any CPU
		{2DCA1063-DC27-4E62-9645-4FDAD94AFFD8}.Release|Any CPU.ActiveCfg = Release|Any CPU
		{2DCA1063-DC27-4E62-9645-4FDAD94AFFD8}.Release|Any CPU.Build.0 = Release|Any CPU
	EndGlobalSection
	GlobalSection(SolutionProperties) = preSolution
		HideSolutionNode = FALSE
	EndGlobalSection
	GlobalSection(ExtensibilityGlobals) = postSolution
		SolutionGuid = {9B8D2A67-4242-4091-A6D1-D73505F17FED}
	EndGlobalSection
EndGlobal
